// !$*UTF8*$!
{
	archiveVersion = 1;
	classes = {
	};
	objectVersion = 46;
	objects = {

/* Begin PBXBuildFile section */
		059F2C481D01C54A0039649B /* CollectionViewController.swift in Sources */ = {isa = PBXBuildFile; fileRef = 059F2C471D01C54A0039649B /* CollectionViewController.swift */; };
		05E482291CFEEB6100FA5143 /* AppDelegate.swift in Sources */ = {isa = PBXBuildFile; fileRef = 05E482281CFEEB6100FA5143 /* AppDelegate.swift */; };
		05E4822B1CFEEB6100FA5143 /* FirstViewController.swift in Sources */ = {isa = PBXBuildFile; fileRef = 05E4822A1CFEEB6100FA5143 /* FirstViewController.swift */; };
		05E4822D1CFEEB6100FA5143 /* SecondViewController.swift in Sources */ = {isa = PBXBuildFile; fileRef = 05E4822C1CFEEB6100FA5143 /* SecondViewController.swift */; };
		05E482301CFEEB6100FA5143 /* Main.storyboard in Resources */ = {isa = PBXBuildFile; fileRef = 05E4822E1CFEEB6100FA5143 /* Main.storyboard */; };
		05E482321CFEEB6100FA5143 /* Assets.xcassets in Resources */ = {isa = PBXBuildFile; fileRef = 05E482311CFEEB6100FA5143 /* Assets.xcassets */; };
		05E482351CFEEB6100FA5143 /* LaunchScreen.storyboard in Resources */ = {isa = PBXBuildFile; fileRef = 05E482331CFEEB6100FA5143 /* LaunchScreen.storyboard */; };
		05E482401CFEEB6100FA5143 /* LitTests.swift in Sources */ = {isa = PBXBuildFile; fileRef = 05E4823F1CFEEB6100FA5143 /* LitTests.swift */; };
		05E4824B1CFEEB6100FA5143 /* LitUITests.swift in Sources */ = {isa = PBXBuildFile; fileRef = 05E4824A1CFEEB6100FA5143 /* LitUITests.swift */; };
		05E4825D1CFEED4200FA5143 /* WebViewController.swift in Sources */ = {isa = PBXBuildFile; fileRef = 05E4825C1CFEED4200FA5143 /* WebViewController.swift */; };
/* End PBXBuildFile section */

/* Begin PBXContainerItemProxy section */
		05E4823C1CFEEB6100FA5143 /* PBXContainerItemProxy */ = {
			isa = PBXContainerItemProxy;
			containerPortal = 05E4821D1CFEEB6100FA5143 /* Project object */;
			proxyType = 1;
			remoteGlobalIDString = 05E482241CFEEB6100FA5143;
			remoteInfo = Lit;
		};
		05E482471CFEEB6100FA5143 /* PBXContainerItemProxy */ = {
			isa = PBXContainerItemProxy;
			containerPortal = 05E4821D1CFEEB6100FA5143 /* Project object */;
			proxyType = 1;
			remoteGlobalIDString = 05E482241CFEEB6100FA5143;
			remoteInfo = Lit;
		};
/* End PBXContainerItemProxy section */

/* Begin PBXFileReference section */
		059F2C471D01C54A0039649B /* CollectionViewController.swift */ = {isa = PBXFileReference; fileEncoding = 4; lastKnownFileType = sourcecode.swift; path = CollectionViewController.swift; sourceTree = "<group>"; };
		05E482251CFEEB6100FA5143 /* Lit.app */ = {isa = PBXFileReference; explicitFileType = wrapper.application; includeInIndex = 0; path = Lit.app; sourceTree = BUILT_PRODUCTS_DIR; };
		05E482281CFEEB6100FA5143 /* AppDelegate.swift */ = {isa = PBXFileReference; lastKnownFileType = sourcecode.swift; path = AppDelegate.swift; sourceTree = "<group>"; };
		05E4822A1CFEEB6100FA5143 /* FirstViewController.swift */ = {isa = PBXFileReference; lastKnownFileType = sourcecode.swift; path = FirstViewController.swift; sourceTree = "<group>"; };
		05E4822C1CFEEB6100FA5143 /* SecondViewController.swift */ = {isa = PBXFileReference; lastKnownFileType = sourcecode.swift; path = SecondViewController.swift; sourceTree = "<group>"; };
		05E4822F1CFEEB6100FA5143 /* Base */ = {isa = PBXFileReference; lastKnownFileType = file.storyboard; name = Base; path = Base.lproj/Main.storyboard; sourceTree = "<group>"; };
		05E482311CFEEB6100FA5143 /* Assets.xcassets */ = {isa = PBXFileReference; lastKnownFileType = folder.assetcatalog; path = Assets.xcassets; sourceTree = "<group>"; };
		05E482341CFEEB6100FA5143 /* Base */ = {isa = PBXFileReference; lastKnownFileType = file.storyboard; name = Base; path = Base.lproj/LaunchScreen.storyboard; sourceTree = "<group>"; };
		05E482361CFEEB6100FA5143 /* Info.plist */ = {isa = PBXFileReference; lastKnownFileType = text.plist.xml; path = Info.plist; sourceTree = "<group>"; };
		05E4823B1CFEEB6100FA5143 /* LitTests.xctest */ = {isa = PBXFileReference; explicitFileType = wrapper.cfbundle; includeInIndex = 0; path = LitTests.xctest; sourceTree = BUILT_PRODUCTS_DIR; };
		05E4823F1CFEEB6100FA5143 /* LitTests.swift */ = {isa = PBXFileReference; lastKnownFileType = sourcecode.swift; path = LitTests.swift; sourceTree = "<group>"; };
		05E482411CFEEB6100FA5143 /* Info.plist */ = {isa = PBXFileReference; lastKnownFileType = text.plist.xml; path = Info.plist; sourceTree = "<group>"; };
		05E482461CFEEB6100FA5143 /* LitUITests.xctest */ = {isa = PBXFileReference; explicitFileType = wrapper.cfbundle; includeInIndex = 0; path = LitUITests.xctest; sourceTree = BUILT_PRODUCTS_DIR; };
		05E4824A1CFEEB6100FA5143 /* LitUITests.swift */ = {isa = PBXFileReference; lastKnownFileType = sourcecode.swift; path = LitUITests.swift; sourceTree = "<group>"; };
		05E4824C1CFEEB6100FA5143 /* Info.plist */ = {isa = PBXFileReference; lastKnownFileType = text.plist.xml; path = Info.plist; sourceTree = "<group>"; };
		05E4825C1CFEED4200FA5143 /* WebViewController.swift */ = {isa = PBXFileReference; fileEncoding = 4; lastKnownFileType = sourcecode.swift; name = WebViewController.swift; path = ../WebViewController.swift; sourceTree = "<group>"; };
/* End PBXFileReference section */

/* Begin PBXFrameworksBuildPhase section */
		05E482221CFEEB6100FA5143 /* Frameworks */ = {
			isa = PBXFrameworksBuildPhase;
			buildActionMask = 2147483647;
			files = (
			);
			runOnlyForDeploymentPostprocessing = 0;
		};
		05E482381CFEEB6100FA5143 /* Frameworks */ = {
			isa = PBXFrameworksBuildPhase;
			buildActionMask = 2147483647;
			files = (
			);
			runOnlyForDeploymentPostprocessing = 0;
		};
		05E482431CFEEB6100FA5143 /* Frameworks */ = {
			isa = PBXFrameworksBuildPhase;
			buildActionMask = 2147483647;
			files = (
			);
			runOnlyForDeploymentPostprocessing = 0;
		};
/* End PBXFrameworksBuildPhase section */

/* Begin PBXGroup section */
		05E4821C1CFEEB6100FA5143 = {
			isa = PBXGroup;
			children = (
				05E482271CFEEB6100FA5143 /* Lit */,
				05E4823E1CFEEB6100FA5143 /* LitTests */,
				05E482491CFEEB6100FA5143 /* LitUITests */,
				05E482261CFEEB6100FA5143 /* Products */,
			);
			sourceTree = "<group>";
		};
		05E482261CFEEB6100FA5143 /* Products */ = {
			isa = PBXGroup;
			children = (
				05E482251CFEEB6100FA5143 /* Lit.app */,
				05E4823B1CFEEB6100FA5143 /* LitTests.xctest */,
				05E482461CFEEB6100FA5143 /* LitUITests.xctest */,
			);
			name = Products;
			sourceTree = "<group>";
		};
		05E482271CFEEB6100FA5143 /* Lit */ = {
			isa = PBXGroup;
			children = (
				05E482281CFEEB6100FA5143 /* AppDelegate.swift */,
				05E4825C1CFEED4200FA5143 /* WebViewController.swift */,
				05E4822A1CFEEB6100FA5143 /* FirstViewController.swift */,
				05E4822C1CFEEB6100FA5143 /* SecondViewController.swift */,
				05E4822E1CFEEB6100FA5143 /* Main.storyboard */,
				05E482311CFEEB6100FA5143 /* Assets.xcassets */,
				05E482331CFEEB6100FA5143 /* LaunchScreen.storyboard */,
				05E482361CFEEB6100FA5143 /* Info.plist */,
				059F2C471D01C54A0039649B /* CollectionViewController.swift */,
			);
			path = Lit;
			sourceTree = "<group>";
		};
		05E4823E1CFEEB6100FA5143 /* LitTests */ = {
			isa = PBXGroup;
			children = (
				05E4823F1CFEEB6100FA5143 /* LitTests.swift */,
				05E482411CFEEB6100FA5143 /* Info.plist */,
			);
			path = LitTests;
			sourceTree = "<group>";
		};
		05E482491CFEEB6100FA5143 /* LitUITests */ = {
			isa = PBXGroup;
			children = (
				05E4824A1CFEEB6100FA5143 /* LitUITests.swift */,
				05E4824C1CFEEB6100FA5143 /* Info.plist */,
			);
			path = LitUITests;
			sourceTree = "<group>";
		};
/* End PBXGroup section */

/* Begin PBXNativeTarget section */
		05E482241CFEEB6100FA5143 /* Lit */ = {
			isa = PBXNativeTarget;
			buildConfigurationList = 05E4824F1CFEEB6100FA5143 /* Build configuration list for PBXNativeTarget "Lit" */;
			buildPhases = (
				05E482211CFEEB6100FA5143 /* Sources */,
				05E482221CFEEB6100FA5143 /* Frameworks */,
				05E482231CFEEB6100FA5143 /* Resources */,
			);
			buildRules = (
			);
			dependencies = (
			);
			name = Lit;
			productName = Lit;
			productReference = 05E482251CFEEB6100FA5143 /* Lit.app */;
			productType = "com.apple.product-type.application";
		};
		05E4823A1CFEEB6100FA5143 /* LitTests */ = {
			isa = PBXNativeTarget;
			buildConfigurationList = 05E482521CFEEB6100FA5143 /* Build configuration list for PBXNativeTarget "LitTests" */;
			buildPhases = (
				05E482371CFEEB6100FA5143 /* Sources */,
				05E482381CFEEB6100FA5143 /* Frameworks */,
				05E482391CFEEB6100FA5143 /* Resources */,
			);
			buildRules = (
			);
			dependencies = (
				05E4823D1CFEEB6100FA5143 /* PBXTargetDependency */,
			);
			name = LitTests;
			productName = LitTests;
			productReference = 05E4823B1CFEEB6100FA5143 /* LitTests.xctest */;
			productType = "com.apple.product-type.bundle.unit-test";
		};
		05E482451CFEEB6100FA5143 /* LitUITests */ = {
			isa = PBXNativeTarget;
			buildConfigurationList = 05E482551CFEEB6100FA5143 /* Build configuration list for PBXNativeTarget "LitUITests" */;
			buildPhases = (
				05E482421CFEEB6100FA5143 /* Sources */,
				05E482431CFEEB6100FA5143 /* Frameworks */,
				05E482441CFEEB6100FA5143 /* Resources */,
			);
			buildRules = (
			);
			dependencies = (
				05E482481CFEEB6100FA5143 /* PBXTargetDependency */,
			);
			name = LitUITests;
			productName = LitUITests;
			productReference = 05E482461CFEEB6100FA5143 /* LitUITests.xctest */;
			productType = "com.apple.product-type.bundle.ui-testing";
		};
/* End PBXNativeTarget section */

/* Begin PBXProject section */
		05E4821D1CFEEB6100FA5143 /* Project object */ = {
			isa = PBXProject;
			attributes = {
				LastSwiftUpdateCheck = 0730;
				LastUpgradeCheck = 0730;
				ORGANIZATIONNAME = "田中颯太";
				TargetAttributes = {
					05E482241CFEEB6100FA5143 = {
						CreatedOnToolsVersion = 7.3.1;
					};
					05E4823A1CFEEB6100FA5143 = {
						CreatedOnToolsVersion = 7.3.1;
						TestTargetID = 05E482241CFEEB6100FA5143;
					};
					05E482451CFEEB6100FA5143 = {
						CreatedOnToolsVersion = 7.3.1;
						TestTargetID = 05E482241CFEEB6100FA5143;
					};
				};
			};
			buildConfigurationList = 05E482201CFEEB6100FA5143 /* Build configuration list for PBXProject "Lit" */;
			compatibilityVersion = "Xcode 3.2";
			developmentRegion = English;
			hasScannedForEncodings = 0;
			knownRegions = (
				en,
				Base,
			);
			mainGroup = 05E4821C1CFEEB6100FA5143;
			productRefGroup = 05E482261CFEEB6100FA5143 /* Products */;
			projectDirPath = "";
			projectRoot = "";
			targets = (
				05E482241CFEEB6100FA5143 /* Lit */,
				05E4823A1CFEEB6100FA5143 /* LitTests */,
				05E482451CFEEB6100FA5143 /* LitUITests */,
			);
		};
/* End PBXProject section */

/* Begin PBXResourcesBuildPhase section */
		05E482231CFEEB6100FA5143 /* Resources */ = {
			isa = PBXResourcesBuildPhase;
			buildActionMask = 2147483647;
			files = (
				05E482351CFEEB6100FA5143 /* LaunchScreen.storyboard in Resources */,
				05E482321CFEEB6100FA5143 /* Assets.xcassets in Resources */,
				05E482301CFEEB6100FA5143 /* Main.storyboard in Resources */,
			);
			runOnlyForDeploymentPostprocessing = 0;
		};
		05E482391CFEEB6100FA5143 /* Resources */ = {
			isa = PBXResourcesBuildPhase;
			buildActionMask = 2147483647;
			files = (
			);
			runOnlyForDeploymentPostprocessing = 0;
		};
		05E482441CFEEB6100FA5143 /* Resources */ = {
			isa = PBXResourcesBuildPhase;
			buildActionMask = 2147483647;
			files = (
			);
			runOnlyForDeploymentPostprocessing = 0;
		};
/* End PBXResourcesBuildPhase section */

/* Begin PBXSourcesBuildPhase section */
		05E482211CFEEB6100FA5143 /* Sources */ = {
			isa = PBXSourcesBuildPhase;
			buildActionMask = 2147483647;
			files = (
				05E4822D1CFEEB6100FA5143 /* SecondViewController.swift in Sources */,
				05E482291CFEEB6100FA5143 /* AppDelegate.swift in Sources */,
				05E4822B1CFEEB6100FA5143 /* FirstViewController.swift in Sources */,
				05E4825D1CFEED4200FA5143 /* WebViewController.swift in Sources */,
				059F2C481D01C54A0039649B /* CollectionViewController.swift in Sources */,
			);
			runOnlyForDeploymentPostprocessing = 0;
		};
		05E482371CFEEB6100FA5143 /* Sources */ = {
			isa = PBXSourcesBuildPhase;
			buildActionMask = 2147483647;
			files = (
				05E482401CFEEB6100FA5143 /* LitTests.swift in Sources */,
			);
			runOnlyForDeploymentPostprocessing = 0;
		};
		05E482421CFEEB6100FA5143 /* Sources */ = {
			isa = PBXSourcesBuildPhase;
			buildActionMask = 2147483647;
			files = (
				05E4824B1CFEEB6100FA5143 /* LitUITests.swift in Sources */,
			);
			runOnlyForDeploymentPostprocessing = 0;
		};
/* End PBXSourcesBuildPhase section */

/* Begin PBXTargetDependency section */
		05E4823D1CFEEB6100FA5143 /* PBXTargetDependency */ = {
			isa = PBXTargetDependency;
			target = 05E482241CFEEB6100FA5143 /* Lit */;
			targetProxy = 05E4823C1CFEEB6100FA5143 /* PBXContainerItemProxy */;
		};
		05E482481CFEEB6100FA5143 /* PBXTargetDependency */ = {
			isa = PBXTargetDependency;
			target = 05E482241CFEEB6100FA5143 /* Lit */;
			targetProxy = 05E482471CFEEB6100FA5143 /* PBXContainerItemProxy */;
		};
/* End PBXTargetDependency section */

/* Begin PBXVariantGroup section */
		05E4822E1CFEEB6100FA5143 /* Main.storyboard */ = {
			isa = PBXVariantGroup;
			children = (
				05E4822F1CFEEB6100FA5143 /* Base */,
			);
			name = Main.storyboard;
			sourceTree = "<group>";
		};
		05E482331CFEEB6100FA5143 /* LaunchScreen.storyboard */ = {
			isa = PBXVariantGroup;
			children = (
				05E482341CFEEB6100FA5143 /* Base */,
			);
			name = LaunchScreen.storyboard;
			sourceTree = "<group>";
		};
/* End PBXVariantGroup section */

/* Begin XCBuildConfiguration section */
		05E4824D1CFEEB6100FA5143 /* Debug */ = {
			isa = XCBuildConfiguration;
			buildSettings = {
				ALWAYS_SEARCH_USER_PATHS = NO;
				CLANG_ANALYZER_NONNULL = YES;
				CLANG_CXX_LANGUAGE_STANDARD = "gnu++0x";
				CLANG_CXX_LIBRARY = "libc++";
				CLANG_ENABLE_MODULES = YES;
				CLANG_ENABLE_OBJC_ARC = YES;
				CLANG_WARN_BOOL_CONVERSION = YES;
				CLANG_WARN_CONSTANT_CONVERSION = YES;
				CLANG_WARN_DIRECT_OBJC_ISA_USAGE = YES_ERROR;
				CLANG_WARN_EMPTY_BODY = YES;
				CLANG_WARN_ENUM_CONVERSION = YES;
				CLANG_WARN_INT_CONVERSION = YES;
				CLANG_WARN_OBJC_ROOT_CLASS = YES_ERROR;
				CLANG_WARN_UNREACHABLE_CODE = YES;
				CLANG_WARN__DUPLICATE_METHOD_MATCH = YES;
				"CODE_SIGN_IDENTITY[sdk=iphoneos*]" = "iPhone Developer";
				COPY_PHASE_STRIP = NO;
				DEBUG_INFORMATION_FORMAT = dwarf;
				ENABLE_STRICT_OBJC_MSGSEND = YES;
				ENABLE_TESTABILITY = YES;
				GCC_C_LANGUAGE_STANDARD = gnu99;
				GCC_DYNAMIC_NO_PIC = NO;
				GCC_NO_COMMON_BLOCKS = YES;
				GCC_OPTIMIZATION_LEVEL = 0;
				GCC_PREPROCESSOR_DEFINITIONS = (
					"DEBUG=1",
					"$(inherited)",
				);
				GCC_WARN_64_TO_32_BIT_CONVERSION = YES;
				GCC_WARN_ABOUT_RETURN_TYPE = YES_ERROR;
				GCC_WARN_UNDECLARED_SELECTOR = YES;
				GCC_WARN_UNINITIALIZED_AUTOS = YES_AGGRESSIVE;
				GCC_WARN_UNUSED_FUNCTION = YES;
				GCC_WARN_UNUSED_VARIABLE = YES;
				IPHONEOS_DEPLOYMENT_TARGET = 9.3;
				MTL_ENABLE_DEBUG_INFO = YES;
				ONLY_ACTIVE_ARCH = YES;
				SDKROOT = iphoneos;
				SWIFT_OPTIMIZATION_LEVEL = "-Onone";
				TARGETED_DEVICE_FAMILY = "1,2";
			};
			name = Debug;
		};
		05E4824E1CFEEB6100FA5143 /* Release */ = {
			isa = XCBuildConfiguration;
			buildSettings = {
				ALWAYS_SEARCH_USER_PATHS = NO;
				CLANG_ANALYZER_NONNULL = YES;
				CLANG_CXX_LANGUAGE_STANDARD = "gnu++0x";
				CLANG_CXX_LIBRARY = "libc++";
				CLANG_ENABLE_MODULES = YES;
				CLANG_ENABLE_OBJC_ARC = YES;
				CLANG_WARN_BOOL_CONVERSION = YES;
				CLANG_WARN_CONSTANT_CONVERSION = YES;
				CLANG_WARN_DIRECT_OBJC_ISA_USAGE = YES_ERROR;
				CLANG_WARN_EMPTY_BODY = YES;
				CLANG_WARN_ENUM_CONVERSION = YES;
				CLANG_WARN_INT_CONVERSION = YES;
				CLANG_WARN_OBJC_ROOT_CLASS = YES_ERROR;
				CLANG_WARN_UNREACHABLE_CODE = YES;
				CLANG_WARN__DUPLICATE_METHOD_MATCH = YES;
				"CODE_SIGN_IDENTITY[sdk=iphoneos*]" = "iPhone Developer";
				COPY_PHASE_STRIP = NO;
				DEBUG_INFORMATION_FORMAT = "dwarf-with-dsym";
				ENABLE_NS_ASSERTIONS = NO;
				ENABLE_STRICT_OBJC_MSGSEND = YES;
				GCC_C_LANGUAGE_STANDARD = gnu99;
				GCC_NO_COMMON_BLOCKS = YES;
				GCC_WARN_64_TO_32_BIT_CONVERSION = YES;
				GCC_WARN_ABOUT_RETURN_TYPE = YES_ERROR;
				GCC_WARN_UNDECLARED_SELECTOR = YES;
				GCC_WARN_UNINITIALIZED_AUTOS = YES_AGGRESSIVE;
				GCC_WARN_UNUSED_FUNCTION = YES;
				GCC_WARN_UNUSED_VARIABLE = YES;
				IPHONEOS_DEPLOYMENT_TARGET = 9.3;
				MTL_ENABLE_DEBUG_INFO = NO;
				SDKROOT = iphoneos;
				TARGETED_DEVICE_FAMILY = "1,2";
				VALIDATE_PRODUCT = YES;
			};
			name = Release;
		};
		05E482501CFEEB6100FA5143 /* Debug */ = {
			isa = XCBuildConfiguration;
			buildSettings = {
				ASSETCATALOG_COMPILER_APPICON_NAME = AppIcon;
				INFOPLIST_FILE = Lit/Info.plist;
				LD_RUNPATH_SEARCH_PATHS = "$(inherited) @executable_path/Frameworks";
				PRODUCT_BUNDLE_IDENTIFIER = lifeistech.Lit;
				PRODUCT_NAME = "$(TARGET_NAME)";
			};
			name = Debug;
		};
		05E482511CFEEB6100FA5143 /* Release */ = {
			isa = XCBuildConfiguration;
			buildSettings = {
				ASSETCATALOG_COMPILER_APPICON_NAME = AppIcon;
				INFOPLIST_FILE = Lit/Info.plist;
				LD_RUNPATH_SEARCH_PATHS = "$(inherited) @executable_path/Frameworks";
				PRODUCT_BUNDLE_IDENTIFIER = lifeistech.Lit;
				PRODUCT_NAME = "$(TARGET_NAME)";
			};
			name = Release;
		};
		05E482531CFEEB6100FA5143 /* Debug */ = {
			isa = XCBuildConfiguration;
			buildSettings = {
				BUNDLE_LOADER = "$(TEST_HOST)";
				INFOPLIST_FILE = LitTests/Info.plist;
				LD_RUNPATH_SEARCH_PATHS = "$(inherited) @executable_path/Frameworks @loader_path/Frameworks";
				PRODUCT_BUNDLE_IDENTIFIER = lifeistech.LitTests;
				PRODUCT_NAME = "$(TARGET_NAME)";
				TEST_HOST = "$(BUILT_PRODUCTS_DIR)/Lit.app/Lit";
			};
			name = Debug;
		};
		05E482541CFEEB6100FA5143 /* Release */ = {
			isa = XCBuildConfiguration;
			buildSettings = {
				BUNDLE_LOADER = "$(TEST_HOST)";
				INFOPLIST_FILE = LitTests/Info.plist;
				LD_RUNPATH_SEARCH_PATHS = "$(inherited) @executable_path/Frameworks @loader_path/Frameworks";
				PRODUCT_BUNDLE_IDENTIFIER = lifeistech.LitTests;
				PRODUCT_NAME = "$(TARGET_NAME)";
				TEST_HOST = "$(BUILT_PRODUCTS_DIR)/Lit.app/Lit";
			};
			name = Release;
		};
		05E482561CFEEB6100FA5143 /* Debug */ = {
			isa = XCBuildConfiguration;
			buildSettings = {
				INFOPLIST_FILE = LitUITests/Info.plist;
				LD_RUNPATH_SEARCH_PATHS = "$(inherited) @executable_path/Frameworks @loader_path/Frameworks";
				PRODUCT_BUNDLE_IDENTIFIER = lifeistech.LitUITests;
				PRODUCT_NAME = "$(TARGET_NAME)";
				TEST_TARGET_NAME = Lit;
			};
			name = Debug;
		};
		05E482571CFEEB6100FA5143 /* Release */ = {
			isa = XCBuildConfiguration;
			buildSettings = {
				INFOPLIST_FILE = LitUITests/Info.plist;
				LD_RUNPATH_SEARCH_PATHS = "$(inherited) @executable_path/Frameworks @loader_path/Frameworks";
				PRODUCT_BUNDLE_IDENTIFIER = lifeistech.LitUITests;
				PRODUCT_NAME = "$(TARGET_NAME)";
				TEST_TARGET_NAME = Lit;
			};
			name = Release;
		};
/* End XCBuildConfiguration section */

/* Begin XCConfigurationList section */
		05E482201CFEEB6100FA5143 /* Build configuration list for PBXProject "Lit" */ = {
			isa = XCConfigurationList;
			buildConfigurations = (
				05E4824D1CFEEB6100FA5143 /* Debug */,
				05E4824E1CFEEB6100FA5143 /* Release */,
			);
			defaultConfigurationIsVisible = 0;
			defaultConfigurationName = Release;
		};
		05E4824F1CFEEB6100FA5143 /* Build configuration list for PBXNativeTarget "Lit" */ = {
			isa = XCConfigurationList;
			buildConfigurations = (
				05E482501CFEEB6100FA5143 /* Debug */,
				05E482511CFEEB6100FA5143 /* Release */,
			);
			defaultConfigurationIsVisible = 0;
			defaultConfigurationName = Release;
		};
		05E482521CFEEB6100FA5143 /* Build configuration list for PBXNativeTarget "LitTests" */ = {
			isa = XCConfigurationList;
			buildConfigurations = (
				05E482531CFEEB6100FA5143 /* Debug */,
				05E482541CFEEB6100FA5143 /* Release */,
			);
			defaultConfigurationIsVisible = 0;
			defaultConfigurationName = Release;
		};
		05E482551CFEEB6100FA5143 /* Build configuration list for PBXNativeTarget "LitUITests" */ = {
			isa = XCConfigurationList;
			buildConfigurations = (
				05E482561CFEEB6100FA5143 /* Debug */,
				05E482571CFEEB6100FA5143 /* Release */,
			);
			defaultConfigurationIsVisible = 0;
			defaultConfigurationName = Release;
		};
/* End XCConfigurationList section */
	};
	rootObject = 05E4821D1CFEEB6100FA5143 /* Project object */;
}
